
Microsoft Visual Studio Solution File, Format Version 12.00
# Visual Studio 2012
Project("{FAE04EC0-301F-11D3-BF4B-00C04F79EFBC}") = "PS.NancyDemo", "PS.NancyDemo\PS.NancyDemo.csproj", "{833CF338-9141-44FD-8B5E-649418ED14D3}"
EndProject
Project("{FAE04EC0-301F-11D3-BF4B-00C04F79EFBC}") = "PS.NancyDemo.Tests", "PS.NancyDemo.Tests\PS.NancyDemo.Tests.csproj", "{13A58E54-F1E0-4160-8808-61632B620FB1}"
EndProject
Global
	GlobalSection(SolutionConfigurationPlatforms) = preSolution
		Debug|Any CPU = Debug|Any CPU
		Release|Any CPU = Release|Any CPU
	EndGlobalSection
	GlobalSection(ProjectConfigurationPlatforms) = postSolution
		{833CF338-9141-44FD-8B5E-649418ED14D3}.Debug|Any CPU.ActiveCfg = Debug|Any CPU
		{833CF338-9141-44FD-8B5E-649418ED14D3}.Debug|Any CPU.Build.0 = Debug|Any CPU
		{833CF338-9141-44FD-8B5E-649418ED14D3}.Release|Any CPU.ActiveCfg = Release|Any CPU
		{833CF338-9141-44FD-8B5E-649418ED14D3}.Release|Any CPU.Build.0 = Release|Any CPU
		{13A58E54-F1E0-4160-8808-61632B620FB1}.Debug|Any CPU.ActiveCfg = Debug|Any CPU
		{13A58E54-F1E0-4160-8808-61632B620FB1}.Debug|Any CPU.Build.0 = Debug|Any CPU
		{13A58E54-F1E0-4160-8808-61632B620FB1}.Release|Any CPU.ActiveCfg = Release|Any CPU
		{13A58E54-F1E0-4160-8808-61632B620FB1}.Release|Any CPU.Build.0 = Release|Any CPU
	EndGlobalSection
EndGlobal
